// !$*UTF8*$!
{
	archiveVersion = 1;
	classes = {
	};
	objectVersion = 48;
	objects = {

/* Begin PBXBuildFile section */
		6D2204321F475C86007FEAA3 /* FadeUpAnimator.swift in Sources */ = {isa = PBXBuildFile; fileRef = 6D2204311F475C86007FEAA3 /* FadeUpAnimator.swift */; };
		6D2204341F475C9C007FEAA3 /* FadeDownAnimator.swift in Sources */ = {isa = PBXBuildFile; fileRef = 6D2204331F475C9C007FEAA3 /* FadeDownAnimator.swift */; };
		6D67EC561F46E81900F76A0A /* AppDelegate.swift in Sources */ = {isa = PBXBuildFile; fileRef = 6D67EC551F46E81800F76A0A /* AppDelegate.swift */; };
		6D67EC581F46E81900F76A0A /* ViewController.swift in Sources */ = {isa = PBXBuildFile; fileRef = 6D67EC571F46E81900F76A0A /* ViewController.swift */; };
		6D67EC5B1F46E81900F76A0A /* Main.storyboard in Resources */ = {isa = PBXBuildFile; fileRef = 6D67EC591F46E81900F76A0A /* Main.storyboard */; };
		6D67EC5D1F46E81900F76A0A /* Assets.xcassets in Resources */ = {isa = PBXBuildFile; fileRef = 6D67EC5C1F46E81900F76A0A /* Assets.xcassets */; };
		6D67EC601F46E81900F76A0A /* LaunchScreen.storyboard in Resources */ = {isa = PBXBuildFile; fileRef = 6D67EC5E1F46E81900F76A0A /* LaunchScreen.storyboard */; };
		6D67EC681F46EBDF00F76A0A /* SlideUpAnimator.swift in Sources */ = {isa = PBXBuildFile; fileRef = 6D67EC671F46EBDF00F76A0A /* SlideUpAnimator.swift */; };
		6D67EC6C1F46ED5B00F76A0A /* AlertViewController.swift in Sources */ = {isa = PBXBuildFile; fileRef = 6D67EC6B1F46ED5B00F76A0A /* AlertViewController.swift */; };
		6D67EC6E1F46FD7200F76A0A /* AlertPresentationManager.swift in Sources */ = {isa = PBXBuildFile; fileRef = 6D67EC6D1F46FD7200F76A0A /* AlertPresentationManager.swift */; };
		6D67EC701F471B5A00F76A0A /* SlideDownAnimator.swift in Sources */ = {isa = PBXBuildFile; fileRef = 6D67EC6F1F471B5A00F76A0A /* SlideDownAnimator.swift */; };
		6D67EC711F471C5A00F76A0A /* CustomAlertPresentation.swift in Sources */ = {isa = PBXBuildFile; fileRef = 6D67EC691F46EC4E00F76A0A /* CustomAlertPresentation.swift */; };
/* End PBXBuildFile section */

/* Begin PBXFileReference section */
		6D2204311F475C86007FEAA3 /* FadeUpAnimator.swift */ = {isa = PBXFileReference; lastKnownFileType = sourcecode.swift; path = FadeUpAnimator.swift; sourceTree = "<group>"; };
		6D2204331F475C9C007FEAA3 /* FadeDownAnimator.swift */ = {isa = PBXFileReference; lastKnownFileType = sourcecode.swift; path = FadeDownAnimator.swift; sourceTree = "<group>"; };
		6D67EC521F46E81800F76A0A /* CustomAlertStyle.app */ = {isa = PBXFileReference; explicitFileType = wrapper.application; includeInIndex = 0; path = CustomAlertStyle.app; sourceTree = BUILT_PRODUCTS_DIR; };
		6D67EC551F46E81800F76A0A /* AppDelegate.swift */ = {isa = PBXFileReference; lastKnownFileType = sourcecode.swift; path = AppDelegate.swift; sourceTree = "<group>"; };
		6D67EC571F46E81900F76A0A /* ViewController.swift */ = {isa = PBXFileReference; lastKnownFileType = sourcecode.swift; path = ViewController.swift; sourceTree = "<group>"; };
		6D67EC5A1F46E81900F76A0A /* Base */ = {isa = PBXFileReference; lastKnownFileType = file.storyboard; name = Base; path = Base.lproj/Main.storyboard; sourceTree = "<group>"; };
		6D67EC5C1F46E81900F76A0A /* Assets.xcassets */ = {isa = PBXFileReference; lastKnownFileType = folder.assetcatalog; path = Assets.xcassets; sourceTree = "<group>"; };
		6D67EC5F1F46E81900F76A0A /* Base */ = {isa = PBXFileReference; lastKnownFileType = file.storyboard; name = Base; path = Base.lproj/LaunchScreen.storyboard; sourceTree = "<group>"; };
		6D67EC611F46E81900F76A0A /* Info.plist */ = {isa = PBXFileReference; lastKnownFileType = text.plist.xml; path = Info.plist; sourceTree = "<group>"; };
		6D67EC671F46EBDF00F76A0A /* SlideUpAnimator.swift */ = {isa = PBXFileReference; lastKnownFileType = sourcecode.swift; path = SlideUpAnimator.swift; sourceTree = "<group>"; };
		6D67EC691F46EC4E00F76A0A /* CustomAlertPresentation.swift */ = {isa = PBXFileReference; lastKnownFileType = sourcecode.swift; path = CustomAlertPresentation.swift; sourceTree = "<group>"; };
		6D67EC6B1F46ED5B00F76A0A /* AlertViewController.swift */ = {isa = PBXFileReference; lastKnownFileType = sourcecode.swift; path = AlertViewController.swift; sourceTree = "<group>"; };
		6D67EC6D1F46FD7200F76A0A /* AlertPresentationManager.swift */ = {isa = PBXFileReference; lastKnownFileType = sourcecode.swift; path = AlertPresentationManager.swift; sourceTree = "<group>"; };
		6D67EC6F1F471B5A00F76A0A /* SlideDownAnimator.swift */ = {isa = PBXFileReference; lastKnownFileType = sourcecode.swift; path = SlideDownAnimator.swift; sourceTree = "<group>"; };
/* End PBXFileReference section */

/* Begin PBXFrameworksBuildPhase section */
		6D67EC4F1F46E81800F76A0A /* Frameworks */ = {
			isa = PBXFrameworksBuildPhase;
			buildActionMask = 2147483647;
			files = (
			);
			runOnlyForDeploymentPostprocessing = 0;
		};
/* End PBXFrameworksBuildPhase section */

/* Begin PBXGroup section */
		6D67EC491F46E81800F76A0A = {
			isa = PBXGroup;
			children = (
				6D67EC541F46E81800F76A0A /* CustomAlertStyle */,
				6D67EC531F46E81800F76A0A /* Products */,
			);
			sourceTree = "<group>";
		};
		6D67EC531F46E81800F76A0A /* Products */ = {
			isa = PBXGroup;
			children = (
				6D67EC521F46E81800F76A0A /* CustomAlertStyle.app */,
			);
			name = Products;
			sourceTree = "<group>";
		};
		6D67EC541F46E81800F76A0A /* CustomAlertStyle */ = {
			isa = PBXGroup;
			children = (
				6D67EC551F46E81800F76A0A /* AppDelegate.swift */,
				6D67EC571F46E81900F76A0A /* ViewController.swift */,
				6D67EC6B1F46ED5B00F76A0A /* AlertViewController.swift */,
				6D67EC591F46E81900F76A0A /* Main.storyboard */,
				6D2204311F475C86007FEAA3 /* FadeUpAnimator.swift */,
				6D2204331F475C9C007FEAA3 /* FadeDownAnimator.swift */,
				6D67EC671F46EBDF00F76A0A /* SlideUpAnimator.swift */,
				6D67EC6F1F471B5A00F76A0A /* SlideDownAnimator.swift */,
				6D67EC691F46EC4E00F76A0A /* CustomAlertPresentation.swift */,
				6D67EC6D1F46FD7200F76A0A /* AlertPresentationManager.swift */,
				6D67EC5C1F46E81900F76A0A /* Assets.xcassets */,
				6D67EC5E1F46E81900F76A0A /* LaunchScreen.storyboard */,
				6D67EC611F46E81900F76A0A /* Info.plist */,
			);
			path = CustomAlertStyle;
			sourceTree = "<group>";
		};
/* End PBXGroup section */

/* Begin PBXNativeTarget section */
		6D67EC511F46E81800F76A0A /* CustomAlertStyle */ = {
			isa = PBXNativeTarget;
			buildConfigurationList = 6D67EC641F46E81900F76A0A /* Build configuration list for PBXNativeTarget "CustomAlertStyle" */;
			buildPhases = (
				6D67EC4E1F46E81800F76A0A /* Sources */,
				6D67EC4F1F46E81800F76A0A /* Frameworks */,
				6D67EC501F46E81800F76A0A /* Resources */,
			);
			buildRules = (
			);
			dependencies = (
			);
			name = CustomAlertStyle;
			productName = CustomAlertStyle;
			productReference = 6D67EC521F46E81800F76A0A /* CustomAlertStyle.app */;
			productType = "com.apple.product-type.application";
		};
/* End PBXNativeTarget section */

/* Begin PBXProject section */
		6D67EC4A1F46E81800F76A0A /* Project object */ = {
			isa = PBXProject;
			attributes = {
				LastSwiftUpdateCheck = 0900;
				LastUpgradeCheck = 0900;
				ORGANIZATIONNAME = Niji;
				TargetAttributes = {
					6D67EC511F46E81800F76A0A = {
						CreatedOnToolsVersion = 9.0;
					};
				};
			};
			buildConfigurationList = 6D67EC4D1F46E81800F76A0A /* Build configuration list for PBXProject "CustomAlertStyle" */;
			compatibilityVersion = "Xcode 8.0";
			developmentRegion = en;
			hasScannedForEncodings = 0;
			knownRegions = (
				en,
				Base,
			);
			mainGroup = 6D67EC491F46E81800F76A0A;
			productRefGroup = 6D67EC531F46E81800F76A0A /* Products */;
			projectDirPath = "";
			projectRoot = "";
			targets = (
				6D67EC511F46E81800F76A0A /* CustomAlertStyle */,
			);
		};
/* End PBXProject section */

/* Begin PBXResourcesBuildPhase section */
		6D67EC501F46E81800F76A0A /* Resources */ = {
			isa = PBXResourcesBuildPhase;
			buildActionMask = 2147483647;
			files = (
				6D67EC601F46E81900F76A0A /* LaunchScreen.storyboard in Resources */,
				6D67EC5D1F46E81900F76A0A /* Assets.xcassets in Resources */,
				6D67EC5B1F46E81900F76A0A /* Main.storyboard in Resources */,
			);
			runOnlyForDeploymentPostprocessing = 0;
		};
/* End PBXResourcesBuildPhase section */

/* Begin PBXSourcesBuildPhase section */
		6D67EC4E1F46E81800F76A0A /* Sources */ = {
			isa = PBXSourcesBuildPhase;
			buildActionMask = 2147483647;
			files = (
				6D67EC711F471C5A00F76A0A /* CustomAlertPresentation.swift in Sources */,
				6D67EC581F46E81900F76A0A /* ViewController.swift in Sources */,
				6D67EC6E1F46FD7200F76A0A /* AlertPresentationManager.swift in Sources */,
				6D2204341F475C9C007FEAA3 /* FadeDownAnimator.swift in Sources */,
				6D67EC561F46E81900F76A0A /* AppDelegate.swift in Sources */,
				6D67EC6C1F46ED5B00F76A0A /* AlertViewController.swift in Sources */,
				6D67EC681F46EBDF00F76A0A /* SlideUpAnimator.swift in Sources */,
				6D67EC701F471B5A00F76A0A /* SlideDownAnimator.swift in Sources */,
				6D2204321F475C86007FEAA3 /* FadeUpAnimator.swift in Sources */,
			);
			runOnlyForDeploymentPostprocessing = 0;
		};
/* End PBXSourcesBuildPhase section */

/* Begin PBXVariantGroup section */
		6D67EC591F46E81900F76A0A /* Main.storyboard */ = {
			isa = PBXVariantGroup;
			children = (
				6D67EC5A1F46E81900F76A0A /* Base */,
			);
			name = Main.storyboard;
			sourceTree = "<group>";
		};
		6D67EC5E1F46E81900F76A0A /* LaunchScreen.storyboard */ = {
			isa = PBXVariantGroup;
			children = (
				6D67EC5F1F46E81900F76A0A /* Base */,
			);
			name = LaunchScreen.storyboard;
			sourceTree = "<group>";
		};
/* End PBXVariantGroup section */

/* Begin XCBuildConfiguration section */
		6D67EC621F46E81900F76A0A /* Debug */ = {
			isa = XCBuildConfiguration;
			buildSettings = {
				ALWAYS_SEARCH_USER_PATHS = NO;
				CLANG_ANALYZER_NONNULL = YES;
				CLANG_ANALYZER_NUMBER_OBJECT_CONVERSION = YES_AGGRESSIVE;
				CLANG_CXX_LANGUAGE_STANDARD = "gnu++14";
				CLANG_CXX_LIBRARY = "libc++";
				CLANG_ENABLE_MODULES = YES;
				CLANG_ENABLE_OBJC_ARC = YES;
				CLANG_WARN_BLOCK_CAPTURE_AUTORELEASING = YES;
				CLANG_WARN_BOOL_CONVERSION = YES;
				CLANG_WARN_COMMA = YES;
				CLANG_WARN_CONSTANT_CONVERSION = YES;
				CLANG_WARN_DIRECT_OBJC_ISA_USAGE = YES_ERROR;
				CLANG_WARN_DOCUMENTATION_COMMENTS = YES;
				CLANG_WARN_EMPTY_BODY = YES;
				CLANG_WARN_ENUM_CONVERSION = YES;
				CLANG_WARN_INFINITE_RECURSION = YES;
				CLANG_WARN_INT_CONVERSION = YES;
				CLANG_WARN_NON_LITERAL_NULL_CONVERSION = YES;
				CLANG_WARN_OBJC_LITERAL_CONVERSION = YES;
				CLANG_WARN_OBJC_ROOT_CLASS = YES_ERROR;
				CLANG_WARN_RANGE_LOOP_ANALYSIS = YES;
				CLANG_WARN_STRICT_PROTOTYPES = YES;
				CLANG_WARN_SUSPICIOUS_MOVE = YES;
				CLANG_WARN_UNGUARDED_AVAILABILITY = YES_AGGRESSIVE;
				CLANG_WARN_UNREACHABLE_CODE = YES;
				CLANG_WARN__DUPLICATE_METHOD_MATCH = YES;
				CODE_SIGN_IDENTITY = "iPhone Developer";
				COPY_PHASE_STRIP = NO;
				DEBUG_INFORMATION_FORMAT = dwarf;
				ENABLE_STRICT_OBJC_MSGSEND = YES;
				ENABLE_TESTABILITY = YES;
				GCC_C_LANGUAGE_STANDARD = gnu11;
				GCC_DYNAMIC_NO_PIC = NO;
				GCC_NO_COMMON_BLOCKS = YES;
				GCC_OPTIMIZATION_LEVEL = 0;
				GCC_PREPROCESSOR_DEFINITIONS = (
					"DEBUG=1",
					"$(inherited)",
				);
				GCC_WARN_64_TO_32_BIT_CONVERSION = YES;
				GCC_WARN_ABOUT_RETURN_TYPE = YES_ERROR;
				GCC_WARN_UNDECLARED_SELECTOR = YES;
				GCC_WARN_UNINITIALIZED_AUTOS = YES_AGGRESSIVE;
				GCC_WARN_UNUSED_FUNCTION = YES;
				GCC_WARN_UNUSED_VARIABLE = YES;
				IPHONEOS_DEPLOYMENT_TARGET = 11.0;
				MTL_ENABLE_DEBUG_INFO = YES;
				ONLY_ACTIVE_ARCH = YES;
				SDKROOT = iphoneos;
				SWIFT_ACTIVE_COMPILATION_CONDITIONS = DEBUG;
				SWIFT_OPTIMIZATION_LEVEL = "-Onone";
			};
			name = Debug;
		};
		6D67EC631F46E81900F76A0A /* Release */ = {
			isa = XCBuildConfiguration;
			buildSettings = {
				ALWAYS_SEARCH_USER_PATHS = NO;
				CLANG_ANALYZER_NONNULL = YES;
				CLANG_ANALYZER_NUMBER_OBJECT_CONVERSION = YES_AGGRESSIVE;
				CLANG_CXX_LANGUAGE_STANDARD = "gnu++14";
				CLANG_CXX_LIBRARY = "libc++";
				CLANG_ENABLE_MODULES = YES;
				CLANG_ENABLE_OBJC_ARC = YES;
				CLANG_WARN_BLOCK_CAPTURE_AUTORELEASING = YES;
				CLANG_WARN_BOOL_CONVERSION = YES;
				CLANG_WARN_COMMA = YES;
				CLANG_WARN_CONSTANT_CONVERSION = YES;
				CLANG_WARN_DIRECT_OBJC_ISA_USAGE = YES_ERROR;
				CLANG_WARN_DOCUMENTATION_COMMENTS = YES;
				CLANG_WARN_EMPTY_BODY = YES;
				CLANG_WARN_ENUM_CONVERSION = YES;
				CLANG_WARN_INFINITE_RECURSION = YES;
				CLANG_WARN_INT_CONVERSION = YES;
				CLANG_WARN_NON_LITERAL_NULL_CONVERSION = YES;
				CLANG_WARN_OBJC_LITERAL_CONVERSION = YES;
				CLANG_WARN_OBJC_ROOT_CLASS = YES_ERROR;
				CLANG_WARN_RANGE_LOOP_ANALYSIS = YES;
				CLANG_WARN_STRICT_PROTOTYPES = YES;
				CLANG_WARN_SUSPICIOUS_MOVE = YES;
				CLANG_WARN_UNGUARDED_AVAILABILITY = YES_AGGRESSIVE;
				CLANG_WARN_UNREACHABLE_CODE = YES;
				CLANG_WARN__DUPLICATE_METHOD_MATCH = YES;
				CODE_SIGN_IDENTITY = "iPhone Developer";
				COPY_PHASE_STRIP = NO;
				DEBUG_INFORMATION_FORMAT = "dwarf-with-dsym";
				ENABLE_NS_ASSERTIONS = NO;
				ENABLE_STRICT_OBJC_MSGSEND = YES;
				GCC_C_LANGUAGE_STANDARD = gnu11;
				GCC_NO_COMMON_BLOCKS = YES;
				GCC_WARN_64_TO_32_BIT_CONVERSION = YES;
				GCC_WARN_ABOUT_RETURN_TYPE = YES_ERROR;
				GCC_WARN_UNDECLARED_SELECTOR = YES;
				GCC_WARN_UNINITIALIZED_AUTOS = YES_AGGRESSIVE;
				GCC_WARN_UNUSED_FUNCTION = YES;
				GCC_WARN_UNUSED_VARIABLE = YES;
				IPHONEOS_DEPLOYMENT_TARGET = 11.0;
				MTL_ENABLE_DEBUG_INFO = NO;
				SDKROOT = iphoneos;
				SWIFT_OPTIMIZATION_LEVEL = "-Owholemodule";
				VALIDATE_PRODUCT = YES;
			};
			name = Release;
		};
		6D67EC651F46E81900F76A0A /* Debug */ = {
			isa = XCBuildConfiguration;
			buildSettings = {
				ASSETCATALOG_COMPILER_APPICON_NAME = AppIcon;
				DEVELOPMENT_TEAM = C8NWXKTJBC;
				INFOPLIST_FILE = CustomAlertStyle/Info.plist;
				LD_RUNPATH_SEARCH_PATHS = "$(inherited) @executable_path/Frameworks";
				PRODUCT_BUNDLE_IDENTIFIER = fr.watremez.CustomAlertStyle;
				PRODUCT_NAME = "$(TARGET_NAME)";
				SWIFT_VERSION = 4.0;
				TARGETED_DEVICE_FAMILY = "1,2";
			};
			name = Debug;
		};
		6D67EC661F46E81900F76A0A /* Release */ = {
			isa = XCBuildConfiguration;
			buildSettings = {
				ASSETCATALOG_COMPILER_APPICON_NAME = AppIcon;
				DEVELOPMENT_TEAM = C8NWXKTJBC;
				INFOPLIST_FILE = CustomAlertStyle/Info.plist;
				LD_RUNPATH_SEARCH_PATHS = "$(inherited) @executable_path/Frameworks";
				PRODUCT_BUNDLE_IDENTIFIER = fr.watremez.CustomAlertStyle;
				PRODUCT_NAME = "$(TARGET_NAME)";
				SWIFT_VERSION = 4.0;
				TARGETED_DEVICE_FAMILY = "1,2";
			};
			name = Release;
		};
/* End XCBuildConfiguration section */

/* Begin XCConfigurationList section */
		6D67EC4D1F46E81800F76A0A /* Build configuration list for PBXProject "CustomAlertStyle" */ = {
			isa = XCConfigurationList;
			buildConfigurations = (
				6D67EC621F46E81900F76A0A /* Debug */,
				6D67EC631F46E81900F76A0A /* Release */,
			);
			defaultConfigurationIsVisible = 0;
			defaultConfigurationName = Release;
		};
		6D67EC641F46E81900F76A0A /* Build configuration list for PBXNativeTarget "CustomAlertStyle" */ = {
			isa = XCConfigurationList;
			buildConfigurations = (
				6D67EC651F46E81900F76A0A /* Debug */,
				6D67EC661F46E81900F76A0A /* Release */,
			);
			defaultConfigurationIsVisible = 0;
			defaultConfigurationName = Release;
		};
/* End XCConfigurationList section */
	};
	rootObject = 6D67EC4A1F46E81800F76A0A /* Project object */;
}
