// !$*UTF8*$!
{
	archiveVersion = 1;
	classes = {
	};
	objectVersion = 48;
	objects = {

/* Begin PBXBuildFile section */
		60C01DB8209E3EB000E22D9B /* FadeUpAnimator.swift in Sources */ = {isa = PBXBuildFile; fileRef = 60C01DAD209E3EB000E22D9B /* FadeUpAnimator.swift */; };
		60C01DB9209E3EB000E22D9B /* SlideUpAnimator.swift in Sources */ = {isa = PBXBuildFile; fileRef = 60C01DAE209E3EB000E22D9B /* SlideUpAnimator.swift */; };
		60C01DBA209E3EB000E22D9B /* SlideDownAnimator.swift in Sources */ = {isa = PBXBuildFile; fileRef = 60C01DAF209E3EB000E22D9B /* SlideDownAnimator.swift */; };
		60C01DBB209E3EB000E22D9B /* FadeDownAnimator.swift in Sources */ = {isa = PBXBuildFile; fileRef = 60C01DB0209E3EB000E22D9B /* FadeDownAnimator.swift */; };
		60C01DBC209E3EB000E22D9B /* AlertTransitioningManager.swift in Sources */ = {isa = PBXBuildFile; fileRef = 60C01DB1209E3EB000E22D9B /* AlertTransitioningManager.swift */; };
		60C01DBE209E3EB000E22D9B /* ViewController.swift in Sources */ = {isa = PBXBuildFile; fileRef = 60C01DB6209E3EB000E22D9B /* ViewController.swift */; };
		60C01DBF209E3EB000E22D9B /* AlertViewController.swift in Sources */ = {isa = PBXBuildFile; fileRef = 60C01DB7209E3EB000E22D9B /* AlertViewController.swift */; };
		60C01DC1209E3F8400E22D9B /* AlertPresentationController.swift in Sources */ = {isa = PBXBuildFile; fileRef = 60C01DC0209E3F8400E22D9B /* AlertPresentationController.swift */; };
		60C01DC4209E3F8B00E22D9B /* BottomSheetPresentationController.swift in Sources */ = {isa = PBXBuildFile; fileRef = 60C01DC2209E3F8B00E22D9B /* BottomSheetPresentationController.swift */; };
		60C01DC5209E3F8B00E22D9B /* BottomSheetTransitioningManager.swift in Sources */ = {isa = PBXBuildFile; fileRef = 60C01DC3209E3F8B00E22D9B /* BottomSheetTransitioningManager.swift */; };
		60C01DC7209E40F600E22D9B /* BottomSheetSlideUpAnimator.swift in Sources */ = {isa = PBXBuildFile; fileRef = 60C01DC6209E40F600E22D9B /* BottomSheetSlideUpAnimator.swift */; };
		60DECA75209E471200EDF384 /* BottomSheetSlideDownAnimator.swift in Sources */ = {isa = PBXBuildFile; fileRef = 60DECA74209E471200EDF384 /* BottomSheetSlideDownAnimator.swift */; };
		60DECA77209E494A00EDF384 /* BottomSheetViewController.swift in Sources */ = {isa = PBXBuildFile; fileRef = 60DECA76209E494A00EDF384 /* BottomSheetViewController.swift */; };
		6D67EC561F46E81900F76A0A /* AppDelegate.swift in Sources */ = {isa = PBXBuildFile; fileRef = 6D67EC551F46E81800F76A0A /* AppDelegate.swift */; };
		6D67EC5B1F46E81900F76A0A /* Main.storyboard in Resources */ = {isa = PBXBuildFile; fileRef = 6D67EC591F46E81900F76A0A /* Main.storyboard */; };
		6D67EC5D1F46E81900F76A0A /* Assets.xcassets in Resources */ = {isa = PBXBuildFile; fileRef = 6D67EC5C1F46E81900F76A0A /* Assets.xcassets */; };
		6D67EC601F46E81900F76A0A /* LaunchScreen.storyboard in Resources */ = {isa = PBXBuildFile; fileRef = 6D67EC5E1F46E81900F76A0A /* LaunchScreen.storyboard */; };
/* End PBXBuildFile section */

/* Begin PBXFileReference section */
		60C01DAD209E3EB000E22D9B /* FadeUpAnimator.swift */ = {isa = PBXFileReference; fileEncoding = 4; lastKnownFileType = sourcecode.swift; path = FadeUpAnimator.swift; sourceTree = "<group>"; };
		60C01DAE209E3EB000E22D9B /* SlideUpAnimator.swift */ = {isa = PBXFileReference; fileEncoding = 4; lastKnownFileType = sourcecode.swift; path = SlideUpAnimator.swift; sourceTree = "<group>"; };
		60C01DAF209E3EB000E22D9B /* SlideDownAnimator.swift */ = {isa = PBXFileReference; fileEncoding = 4; lastKnownFileType = sourcecode.swift; path = SlideDownAnimator.swift; sourceTree = "<group>"; };
		60C01DB0209E3EB000E22D9B /* FadeDownAnimator.swift */ = {isa = PBXFileReference; fileEncoding = 4; lastKnownFileType = sourcecode.swift; path = FadeDownAnimator.swift; sourceTree = "<group>"; };
		60C01DB1209E3EB000E22D9B /* AlertTransitioningManager.swift */ = {isa = PBXFileReference; fileEncoding = 4; lastKnownFileType = sourcecode.swift; path = AlertTransitioningManager.swift; sourceTree = "<group>"; };
		60C01DB6209E3EB000E22D9B /* ViewController.swift */ = {isa = PBXFileReference; fileEncoding = 4; indentWidth = 2; lastKnownFileType = sourcecode.swift; path = ViewController.swift; sourceTree = "<group>"; tabWidth = 2; };
		60C01DB7209E3EB000E22D9B /* AlertViewController.swift */ = {isa = PBXFileReference; fileEncoding = 4; lastKnownFileType = sourcecode.swift; path = AlertViewController.swift; sourceTree = "<group>"; };
		60C01DC0209E3F8400E22D9B /* AlertPresentationController.swift */ = {isa = PBXFileReference; fileEncoding = 4; lastKnownFileType = sourcecode.swift; path = AlertPresentationController.swift; sourceTree = "<group>"; };
		60C01DC2209E3F8B00E22D9B /* BottomSheetPresentationController.swift */ = {isa = PBXFileReference; fileEncoding = 4; lastKnownFileType = sourcecode.swift; path = BottomSheetPresentationController.swift; sourceTree = "<group>"; };
		60C01DC3209E3F8B00E22D9B /* BottomSheetTransitioningManager.swift */ = {isa = PBXFileReference; fileEncoding = 4; lastKnownFileType = sourcecode.swift; path = BottomSheetTransitioningManager.swift; sourceTree = "<group>"; };
		60C01DC6209E40F600E22D9B /* BottomSheetSlideUpAnimator.swift */ = {isa = PBXFileReference; lastKnownFileType = sourcecode.swift; path = BottomSheetSlideUpAnimator.swift; sourceTree = "<group>"; };
		60DECA74209E471200EDF384 /* BottomSheetSlideDownAnimator.swift */ = {isa = PBXFileReference; lastKnownFileType = sourcecode.swift; path = BottomSheetSlideDownAnimator.swift; sourceTree = "<group>"; };
		60DECA76209E494A00EDF384 /* BottomSheetViewController.swift */ = {isa = PBXFileReference; lastKnownFileType = sourcecode.swift; path = BottomSheetViewController.swift; sourceTree = "<group>"; };
		6D67EC521F46E81800F76A0A /* CustomAlertStyle.app */ = {isa = PBXFileReference; explicitFileType = wrapper.application; includeInIndex = 0; path = CustomAlertStyle.app; sourceTree = BUILT_PRODUCTS_DIR; };
		6D67EC551F46E81800F76A0A /* AppDelegate.swift */ = {isa = PBXFileReference; lastKnownFileType = sourcecode.swift; path = AppDelegate.swift; sourceTree = "<group>"; };
		6D67EC5A1F46E81900F76A0A /* Base */ = {isa = PBXFileReference; lastKnownFileType = file.storyboard; name = Base; path = Base.lproj/Main.storyboard; sourceTree = "<group>"; };
		6D67EC5C1F46E81900F76A0A /* Assets.xcassets */ = {isa = PBXFileReference; lastKnownFileType = folder.assetcatalog; path = Assets.xcassets; sourceTree = "<group>"; };
		6D67EC5F1F46E81900F76A0A /* Base */ = {isa = PBXFileReference; lastKnownFileType = file.storyboard; name = Base; path = Base.lproj/LaunchScreen.storyboard; sourceTree = "<group>"; };
		6D67EC611F46E81900F76A0A /* Info.plist */ = {isa = PBXFileReference; lastKnownFileType = text.plist.xml; path = Info.plist; sourceTree = "<group>"; };
/* End PBXFileReference section */

/* Begin PBXFrameworksBuildPhase section */
		6D67EC4F1F46E81800F76A0A /* Frameworks */ = {
			isa = PBXFrameworksBuildPhase;
			buildActionMask = 2147483647;
			files = (
			);
			runOnlyForDeploymentPostprocessing = 0;
		};
/* End PBXFrameworksBuildPhase section */

/* Begin PBXGroup section */
		60C01DAA209E3EB000E22D9B /* Animations */ = {
			isa = PBXGroup;
			children = (
				60C01DAB209E3EB000E22D9B /* Alert */,
				60C01DB3209E3EB000E22D9B /* BottomSheet */,
			);
			path = Animations;
			sourceTree = "<group>";
		};
		60C01DAB209E3EB000E22D9B /* Alert */ = {
			isa = PBXGroup;
			children = (
				60C01DC0209E3F8400E22D9B /* AlertPresentationController.swift */,
				60C01DB1209E3EB000E22D9B /* AlertTransitioningManager.swift */,
				60C01DAC209E3EB000E22D9B /* Animator */,
			);
			path = Alert;
			sourceTree = "<group>";
		};
		60C01DAC209E3EB000E22D9B /* Animator */ = {
			isa = PBXGroup;
			children = (
				60C01DAD209E3EB000E22D9B /* FadeUpAnimator.swift */,
				60C01DAE209E3EB000E22D9B /* SlideUpAnimator.swift */,
				60C01DAF209E3EB000E22D9B /* SlideDownAnimator.swift */,
				60C01DB0209E3EB000E22D9B /* FadeDownAnimator.swift */,
			);
			path = Animator;
			sourceTree = "<group>";
		};
		60C01DB3209E3EB000E22D9B /* BottomSheet */ = {
			isa = PBXGroup;
			children = (
				60C01DC2209E3F8B00E22D9B /* BottomSheetPresentationController.swift */,
				60C01DC3209E3F8B00E22D9B /* BottomSheetTransitioningManager.swift */,
				60C01DB4209E3EB000E22D9B /* Animator */,
			);
			path = BottomSheet;
			sourceTree = "<group>";
		};
		60C01DB4209E3EB000E22D9B /* Animator */ = {
			isa = PBXGroup;
			children = (
				60C01DC6209E40F600E22D9B /* BottomSheetSlideUpAnimator.swift */,
				60DECA74209E471200EDF384 /* BottomSheetSlideDownAnimator.swift */,
			);
			path = Animator;
			sourceTree = "<group>";
		};
		60C01DB5209E3EB000E22D9B /* Views */ = {
			isa = PBXGroup;
			children = (
				6D67EC591F46E81900F76A0A /* Main.storyboard */,
				60C01DB6209E3EB000E22D9B /* ViewController.swift */,
				60C01DB7209E3EB000E22D9B /* AlertViewController.swift */,
				60DECA76209E494A00EDF384 /* BottomSheetViewController.swift */,
			);
			path = Views;
			sourceTree = "<group>";
		};
		6D67EC491F46E81800F76A0A = {
			isa = PBXGroup;
			children = (
				6D67EC541F46E81800F76A0A /* CustomAlertStyle */,
				6D67EC531F46E81800F76A0A /* Products */,
			);
			indentWidth = 2;
			sourceTree = "<group>";
			tabWidth = 2;
		};
		6D67EC531F46E81800F76A0A /* Products */ = {
			isa = PBXGroup;
			children = (
				6D67EC521F46E81800F76A0A /* CustomAlertStyle.app */,
			);
			name = Products;
			sourceTree = "<group>";
		};
		6D67EC541F46E81800F76A0A /* CustomAlertStyle */ = {
			isa = PBXGroup;
			children = (
				6D67EC551F46E81800F76A0A /* AppDelegate.swift */,
				60C01DAA209E3EB000E22D9B /* Animations */,
				60C01DB5209E3EB000E22D9B /* Views */,
				6D67EC5C1F46E81900F76A0A /* Assets.xcassets */,
				6D67EC5E1F46E81900F76A0A /* LaunchScreen.storyboard */,
				6D67EC611F46E81900F76A0A /* Info.plist */,
			);
			path = CustomAlertStyle;
			sourceTree = "<group>";
		};
/* End PBXGroup section */

/* Begin PBXNativeTarget section */
		6D67EC511F46E81800F76A0A /* CustomAlertStyle */ = {
			isa = PBXNativeTarget;
			buildConfigurationList = 6D67EC641F46E81900F76A0A /* Build configuration list for PBXNativeTarget "CustomAlertStyle" */;
			buildPhases = (
				6D67EC4E1F46E81800F76A0A /* Sources */,
				6D67EC4F1F46E81800F76A0A /* Frameworks */,
				6D67EC501F46E81800F76A0A /* Resources */,
			);
			buildRules = (
			);
			dependencies = (
			);
			name = CustomAlertStyle;
			productName = CustomAlertStyle;
			productReference = 6D67EC521F46E81800F76A0A /* CustomAlertStyle.app */;
			productType = "com.apple.product-type.application";
		};
/* End PBXNativeTarget section */

/* Begin PBXProject section */
		6D67EC4A1F46E81800F76A0A /* Project object */ = {
			isa = PBXProject;
			attributes = {
				LastSwiftUpdateCheck = 0900;
				LastUpgradeCheck = 0930;
				ORGANIZATIONNAME = Niji;
				TargetAttributes = {
					6D67EC511F46E81800F76A0A = {
						CreatedOnToolsVersion = 9.0;
						ProvisioningStyle = Manual;
					};
				};
			};
			buildConfigurationList = 6D67EC4D1F46E81800F76A0A /* Build configuration list for PBXProject "CustomAlertStyle" */;
			compatibilityVersion = "Xcode 8.0";
			developmentRegion = en;
			hasScannedForEncodings = 0;
			knownRegions = (
				en,
				Base,
			);
			mainGroup = 6D67EC491F46E81800F76A0A;
			productRefGroup = 6D67EC531F46E81800F76A0A /* Products */;
			projectDirPath = "";
			projectRoot = "";
			targets = (
				6D67EC511F46E81800F76A0A /* CustomAlertStyle */,
			);
		};
/* End PBXProject section */

/* Begin PBXResourcesBuildPhase section */
		6D67EC501F46E81800F76A0A /* Resources */ = {
			isa = PBXResourcesBuildPhase;
			buildActionMask = 2147483647;
			files = (
				6D67EC601F46E81900F76A0A /* LaunchScreen.storyboard in Resources */,
				6D67EC5D1F46E81900F76A0A /* Assets.xcassets in Resources */,
				6D67EC5B1F46E81900F76A0A /* Main.storyboard in Resources */,
			);
			runOnlyForDeploymentPostprocessing = 0;
		};
/* End PBXResourcesBuildPhase section */

/* Begin PBXSourcesBuildPhase section */
		6D67EC4E1F46E81800F76A0A /* Sources */ = {
			isa = PBXSourcesBuildPhase;
			buildActionMask = 2147483647;
			files = (
				60C01DB9209E3EB000E22D9B /* SlideUpAnimator.swift in Sources */,
				60DECA77209E494A00EDF384 /* BottomSheetViewController.swift in Sources */,
				60DECA75209E471200EDF384 /* BottomSheetSlideDownAnimator.swift in Sources */,
				60C01DC5209E3F8B00E22D9B /* BottomSheetTransitioningManager.swift in Sources */,
				60C01DC1209E3F8400E22D9B /* AlertPresentationController.swift in Sources */,
				60C01DBB209E3EB000E22D9B /* FadeDownAnimator.swift in Sources */,
				6D67EC561F46E81900F76A0A /* AppDelegate.swift in Sources */,
				60C01DC4209E3F8B00E22D9B /* BottomSheetPresentationController.swift in Sources */,
				60C01DBA209E3EB000E22D9B /* SlideDownAnimator.swift in Sources */,
				60C01DBF209E3EB000E22D9B /* AlertViewController.swift in Sources */,
				60C01DC7209E40F600E22D9B /* BottomSheetSlideUpAnimator.swift in Sources */,
				60C01DBC209E3EB000E22D9B /* AlertTransitioningManager.swift in Sources */,
				60C01DB8209E3EB000E22D9B /* FadeUpAnimator.swift in Sources */,
				60C01DBE209E3EB000E22D9B /* ViewController.swift in Sources */,
			);
			runOnlyForDeploymentPostprocessing = 0;
		};
/* End PBXSourcesBuildPhase section */

/* Begin PBXVariantGroup section */
		6D67EC591F46E81900F76A0A /* Main.storyboard */ = {
			isa = PBXVariantGroup;
			children = (
				6D67EC5A1F46E81900F76A0A /* Base */,
			);
			name = Main.storyboard;
			sourceTree = "<group>";
		};
		6D67EC5E1F46E81900F76A0A /* LaunchScreen.storyboard */ = {
			isa = PBXVariantGroup;
			children = (
				6D67EC5F1F46E81900F76A0A /* Base */,
			);
			name = LaunchScreen.storyboard;
			sourceTree = "<group>";
		};
/* End PBXVariantGroup section */

/* Begin XCBuildConfiguration section */
		6D67EC621F46E81900F76A0A /* Debug */ = {
			isa = XCBuildConfiguration;
			buildSettings = {
				ALWAYS_SEARCH_USER_PATHS = NO;
				CLANG_ANALYZER_NONNULL = YES;
				CLANG_ANALYZER_NUMBER_OBJECT_CONVERSION = YES_AGGRESSIVE;
				CLANG_CXX_LANGUAGE_STANDARD = "gnu++14";
				CLANG_CXX_LIBRARY = "libc++";
				CLANG_ENABLE_MODULES = YES;
				CLANG_ENABLE_OBJC_ARC = YES;
				CLANG_WARN_BLOCK_CAPTURE_AUTORELEASING = YES;
				CLANG_WARN_BOOL_CONVERSION = YES;
				CLANG_WARN_COMMA = YES;
				CLANG_WARN_CONSTANT_CONVERSION = YES;
				CLANG_WARN_DEPRECATED_OBJC_IMPLEMENTATIONS = YES;
				CLANG_WARN_DIRECT_OBJC_ISA_USAGE = YES_ERROR;
				CLANG_WARN_DOCUMENTATION_COMMENTS = YES;
				CLANG_WARN_EMPTY_BODY = YES;
				CLANG_WARN_ENUM_CONVERSION = YES;
				CLANG_WARN_INFINITE_RECURSION = YES;
				CLANG_WARN_INT_CONVERSION = YES;
				CLANG_WARN_NON_LITERAL_NULL_CONVERSION = YES;
				CLANG_WARN_OBJC_IMPLICIT_RETAIN_SELF = YES;
				CLANG_WARN_OBJC_LITERAL_CONVERSION = YES;
				CLANG_WARN_OBJC_ROOT_CLASS = YES_ERROR;
				CLANG_WARN_RANGE_LOOP_ANALYSIS = YES;
				CLANG_WARN_STRICT_PROTOTYPES = YES;
				CLANG_WARN_SUSPICIOUS_MOVE = YES;
				CLANG_WARN_UNGUARDED_AVAILABILITY = YES_AGGRESSIVE;
				CLANG_WARN_UNREACHABLE_CODE = YES;
				CLANG_WARN__DUPLICATE_METHOD_MATCH = YES;
				CODE_SIGN_IDENTITY = "iPhone Developer";
				COPY_PHASE_STRIP = NO;
				DEBUG_INFORMATION_FORMAT = dwarf;
				ENABLE_STRICT_OBJC_MSGSEND = YES;
				ENABLE_TESTABILITY = YES;
				GCC_C_LANGUAGE_STANDARD = gnu11;
				GCC_DYNAMIC_NO_PIC = NO;
				GCC_NO_COMMON_BLOCKS = YES;
				GCC_OPTIMIZATION_LEVEL = 0;
				GCC_PREPROCESSOR_DEFINITIONS = (
					"DEBUG=1",
					"$(inherited)",
				);
				GCC_WARN_64_TO_32_BIT_CONVERSION = YES;
				GCC_WARN_ABOUT_RETURN_TYPE = YES_ERROR;
				GCC_WARN_UNDECLARED_SELECTOR = YES;
				GCC_WARN_UNINITIALIZED_AUTOS = YES_AGGRESSIVE;
				GCC_WARN_UNUSED_FUNCTION = YES;
				GCC_WARN_UNUSED_VARIABLE = YES;
				IPHONEOS_DEPLOYMENT_TARGET = 11.0;
				MTL_ENABLE_DEBUG_INFO = YES;
				ONLY_ACTIVE_ARCH = YES;
				SDKROOT = iphoneos;
				SWIFT_ACTIVE_COMPILATION_CONDITIONS = DEBUG;
				SWIFT_OPTIMIZATION_LEVEL = "-Onone";
			};
			name = Debug;
		};
		6D67EC631F46E81900F76A0A /* Release */ = {
			isa = XCBuildConfiguration;
			buildSettings = {
				ALWAYS_SEARCH_USER_PATHS = NO;
				CLANG_ANALYZER_NONNULL = YES;
				CLANG_ANALYZER_NUMBER_OBJECT_CONVERSION = YES_AGGRESSIVE;
				CLANG_CXX_LANGUAGE_STANDARD = "gnu++14";
				CLANG_CXX_LIBRARY = "libc++";
				CLANG_ENABLE_MODULES = YES;
				CLANG_ENABLE_OBJC_ARC = YES;
				CLANG_WARN_BLOCK_CAPTURE_AUTORELEASING = YES;
				CLANG_WARN_BOOL_CONVERSION = YES;
				CLANG_WARN_COMMA = YES;
				CLANG_WARN_CONSTANT_CONVERSION = YES;
				CLANG_WARN_DEPRECATED_OBJC_IMPLEMENTATIONS = YES;
				CLANG_WARN_DIRECT_OBJC_ISA_USAGE = YES_ERROR;
				CLANG_WARN_DOCUMENTATION_COMMENTS = YES;
				CLANG_WARN_EMPTY_BODY = YES;
				CLANG_WARN_ENUM_CONVERSION = YES;
				CLANG_WARN_INFINITE_RECURSION = YES;
				CLANG_WARN_INT_CONVERSION = YES;
				CLANG_WARN_NON_LITERAL_NULL_CONVERSION = YES;
				CLANG_WARN_OBJC_IMPLICIT_RETAIN_SELF = YES;
				CLANG_WARN_OBJC_LITERAL_CONVERSION = YES;
				CLANG_WARN_OBJC_ROOT_CLASS = YES_ERROR;
				CLANG_WARN_RANGE_LOOP_ANALYSIS = YES;
				CLANG_WARN_STRICT_PROTOTYPES = YES;
				CLANG_WARN_SUSPICIOUS_MOVE = YES;
				CLANG_WARN_UNGUARDED_AVAILABILITY = YES_AGGRESSIVE;
				CLANG_WARN_UNREACHABLE_CODE = YES;
				CLANG_WARN__DUPLICATE_METHOD_MATCH = YES;
				CODE_SIGN_IDENTITY = "iPhone Developer";
				COPY_PHASE_STRIP = NO;
				DEBUG_INFORMATION_FORMAT = "dwarf-with-dsym";
				ENABLE_NS_ASSERTIONS = NO;
				ENABLE_STRICT_OBJC_MSGSEND = YES;
				GCC_C_LANGUAGE_STANDARD = gnu11;
				GCC_NO_COMMON_BLOCKS = YES;
				GCC_WARN_64_TO_32_BIT_CONVERSION = YES;
				GCC_WARN_ABOUT_RETURN_TYPE = YES_ERROR;
				GCC_WARN_UNDECLARED_SELECTOR = YES;
				GCC_WARN_UNINITIALIZED_AUTOS = YES_AGGRESSIVE;
				GCC_WARN_UNUSED_FUNCTION = YES;
				GCC_WARN_UNUSED_VARIABLE = YES;
				IPHONEOS_DEPLOYMENT_TARGET = 11.0;
				MTL_ENABLE_DEBUG_INFO = NO;
				SDKROOT = iphoneos;
				SWIFT_OPTIMIZATION_LEVEL = "-Owholemodule";
				VALIDATE_PRODUCT = YES;
			};
			name = Release;
		};
		6D67EC651F46E81900F76A0A /* Debug */ = {
			isa = XCBuildConfiguration;
			buildSettings = {
				ASSETCATALOG_COMPILER_APPICON_NAME = AppIcon;
				CODE_SIGN_STYLE = Manual;
				DEVELOPMENT_TEAM = "";
				INFOPLIST_FILE = CustomAlertStyle/Info.plist;
				IPHONEOS_DEPLOYMENT_TARGET = 10.0;
				LD_RUNPATH_SEARCH_PATHS = "$(inherited) @executable_path/Frameworks";
				PRODUCT_BUNDLE_IDENTIFIER = fr.watremez.CustomAlertStyle;
				PRODUCT_NAME = "$(TARGET_NAME)";
				PROVISIONING_PROFILE_SPECIFIER = "";
				SWIFT_VERSION = 4.0;
				TARGETED_DEVICE_FAMILY = "1,2";
			};
			name = Debug;
		};
		6D67EC661F46E81900F76A0A /* Release */ = {
			isa = XCBuildConfiguration;
			buildSettings = {
				ASSETCATALOG_COMPILER_APPICON_NAME = AppIcon;
				CODE_SIGN_STYLE = Manual;
				DEVELOPMENT_TEAM = "";
				INFOPLIST_FILE = CustomAlertStyle/Info.plist;
				IPHONEOS_DEPLOYMENT_TARGET = 10.0;
				LD_RUNPATH_SEARCH_PATHS = "$(inherited) @executable_path/Frameworks";
				PRODUCT_BUNDLE_IDENTIFIER = fr.watremez.CustomAlertStyle;
				PRODUCT_NAME = "$(TARGET_NAME)";
				PROVISIONING_PROFILE_SPECIFIER = "";
				SWIFT_VERSION = 4.0;
				TARGETED_DEVICE_FAMILY = "1,2";
			};
			name = Release;
		};
/* End XCBuildConfiguration section */

/* Begin XCConfigurationList section */
		6D67EC4D1F46E81800F76A0A /* Build configuration list for PBXProject "CustomAlertStyle" */ = {
			isa = XCConfigurationList;
			buildConfigurations = (
				6D67EC621F46E81900F76A0A /* Debug */,
				6D67EC631F46E81900F76A0A /* Release */,
			);
			defaultConfigurationIsVisible = 0;
			defaultConfigurationName = Release;
		};
		6D67EC641F46E81900F76A0A /* Build configuration list for PBXNativeTarget "CustomAlertStyle" */ = {
			isa = XCConfigurationList;
			buildConfigurations = (
				6D67EC651F46E81900F76A0A /* Debug */,
				6D67EC661F46E81900F76A0A /* Release */,
			);
			defaultConfigurationIsVisible = 0;
			defaultConfigurationName = Release;
		};
/* End XCConfigurationList section */
	};
	rootObject = 6D67EC4A1F46E81800F76A0A /* Project object */;
}
